
Microsoft Visual Studio Solution File, Format Version 12.00
# Visual Studio 2012
Project("{FAE04EC0-301F-11D3-BF4B-00C04F79EFBC}") = "OpenDataAccess.Data", "OpenDataAccess.Data\OpenDataAccess.Data.csproj", "{26E9B38F-5CFE-4E81-B09C-E9679FDD5EF2}"
EndProject
Project("{FAE04EC0-301F-11D3-BF4B-00C04F79EFBC}") = "OpenDataAccess.Entity", "OpenDataAccess.Entity\OpenDataAccess.Entity.csproj", "{A1E203B2-377B-4DC7-90CC-72C1A5ACF081}"
EndProject
Project("{FAE04EC0-301F-11D3-BF4B-00C04F79EFBC}") = "OpenDataAccess.Service", "OpenDataAccess.Service\OpenDataAccess.Service.csproj", "{95C85E2E-40F4-401C-B577-F4E681090BAD}"
EndProject
Project("{FAE04EC0-301F-11D3-BF4B-00C04F79EFBC}") = "OpenDataAccess.Utility", "OpenDataAccess.Utility\OpenDataAccess.Utility.csproj", "{EA6D7D97-2A3E-48AF-AA65-A6DCA3F5B672}"
EndProject
Global
	GlobalSection(SolutionConfigurationPlatforms) = preSolution
		Debug|Any CPU = Debug|Any CPU
		Release|Any CPU = Release|Any CPU
	EndGlobalSection
	GlobalSection(ProjectConfigurationPlatforms) = postSolution
		{26E9B38F-5CFE-4E81-B09C-E9679FDD5EF2}.Debug|Any CPU.ActiveCfg = Debug|Any CPU
		{26E9B38F-5CFE-4E81-B09C-E9679FDD5EF2}.Debug|Any CPU.Build.0 = Debug|Any CPU
		{26E9B38F-5CFE-4E81-B09C-E9679FDD5EF2}.Release|Any CPU.ActiveCfg = Release|Any CPU
		{26E9B38F-5CFE-4E81-B09C-E9679FDD5EF2}.Release|Any CPU.Build.0 = Release|Any CPU
		{A1E203B2-377B-4DC7-90CC-72C1A5ACF081}.Debug|Any CPU.ActiveCfg = Debug|Any CPU
		{A1E203B2-377B-4DC7-90CC-72C1A5ACF081}.Debug|Any CPU.Build.0 = Debug|Any CPU
		{A1E203B2-377B-4DC7-90CC-72C1A5ACF081}.Release|Any CPU.ActiveCfg = Release|Any CPU
		{A1E203B2-377B-4DC7-90CC-72C1A5ACF081}.Release|Any CPU.Build.0 = Release|Any CPU
		{95C85E2E-40F4-401C-B577-F4E681090BAD}.Debug|Any CPU.ActiveCfg = Debug|Any CPU
		{95C85E2E-40F4-401C-B577-F4E681090BAD}.Debug|Any CPU.Build.0 = Debug|Any CPU
		{95C85E2E-40F4-401C-B577-F4E681090BAD}.Release|Any CPU.ActiveCfg = Release|Any CPU
		{95C85E2E-40F4-401C-B577-F4E681090BAD}.Release|Any CPU.Build.0 = Release|Any CPU
		{EA6D7D97-2A3E-48AF-AA65-A6DCA3F5B672}.Debug|Any CPU.ActiveCfg = Debug|Any CPU
		{EA6D7D97-2A3E-48AF-AA65-A6DCA3F5B672}.Debug|Any CPU.Build.0 = Debug|Any CPU
		{EA6D7D97-2A3E-48AF-AA65-A6DCA3F5B672}.Release|Any CPU.ActiveCfg = Release|Any CPU
		{EA6D7D97-2A3E-48AF-AA65-A6DCA3F5B672}.Release|Any CPU.Build.0 = Release|Any CPU
	EndGlobalSection
	GlobalSection(SolutionProperties) = preSolution
		HideSolutionNode = FALSE
	EndGlobalSection
EndGlobal
