
Microsoft Visual Studio Solution File, Format Version 12.00
# Visual Studio 15
VisualStudioVersion = 15.0.27428.2015
MinimumVisualStudioVersion = 10.0.40219.1
Project("{FAE04EC0-301F-11D3-BF4B-00C04F79EFBC}") = "SocketCommunication.SocketCore", "SocketCommunication.SocketCore\SocketCommunication.SocketCore.csproj", "{602BFAFB-65CD-41A9-AB75-BDBF28DD439B}"
EndProject
Global
	GlobalSection(SolutionConfigurationPlatforms) = preSolution
		Debug|Any CPU = Debug|Any CPU
		Release|Any CPU = Release|Any CPU
	EndGlobalSection
	GlobalSection(ProjectConfigurationPlatforms) = postSolution
		{602BFAFB-65CD-41A9-AB75-BDBF28DD439B}.Debug|Any CPU.ActiveCfg = Debug|Any CPU
		{602BFAFB-65CD-41A9-AB75-BDBF28DD439B}.Debug|Any CPU.Build.0 = Debug|Any CPU
		{602BFAFB-65CD-41A9-AB75-BDBF28DD439B}.Release|Any CPU.ActiveCfg = Release|Any CPU
		{602BFAFB-65CD-41A9-AB75-BDBF28DD439B}.Release|Any CPU.Build.0 = Release|Any CPU
	EndGlobalSection
	GlobalSection(SolutionProperties) = preSolution
		HideSolutionNode = FALSE
	EndGlobalSection
	GlobalSection(ExtensibilityGlobals) = postSolution
		SolutionGuid = {B0A9F83E-AD27-4F4E-830D-844CE98F8DEC}
	EndGlobalSection
EndGlobal
