
Microsoft Visual Studio Solution File, Format Version 12.00
# Visual Studio 2012
Project("{FAE04EC0-301F-11D3-BF4B-00C04F79EFBC}") = "OpenDataAccess.Data", "..\OpenDataAccess\OpenDataAccess.Data\OpenDataAccess.Data.csproj", "{26E9B38F-5CFE-4E81-B09C-E9679FDD5EF2}"
EndProject
Project("{FAE04EC0-301F-11D3-BF4B-00C04F79EFBC}") = "OpenDataAccess.Entity", "..\OpenDataAccess\OpenDataAccess.Entity\OpenDataAccess.Entity.csproj", "{A1E203B2-377B-4DC7-90CC-72C1A5ACF081}"
EndProject
Project("{FAE04EC0-301F-11D3-BF4B-00C04F79EFBC}") = "OpenDataAccess.Service", "..\OpenDataAccess\OpenDataAccess.Service\OpenDataAccess.Service.csproj", "{95C85E2E-40F4-401C-B577-F4E681090BAD}"
EndProject
Project("{FAE04EC0-301F-11D3-BF4B-00C04F79EFBC}") = "OpenDataAccess.Utility", "..\OpenDataAccess\OpenDataAccess.Utility\OpenDataAccess.Utility.csproj", "{EA6D7D97-2A3E-48AF-AA65-A6DCA3F5B672}"
EndProject
Project("{FAE04EC0-301F-11D3-BF4B-00C04F79EFBC}") = "AbetOrder.Component", "AbetOrder.Component\AbetOrder.Component.csproj", "{820376C1-AEAC-4040-B0BF-F7C11D273DD3}"
EndProject
Project("{FAE04EC0-301F-11D3-BF4B-00C04F79EFBC}") = "AbetOrder.Entity", "AbetOrder.Entity\AbetOrder.Entity.csproj", "{BFBC43DD-2968-492F-818E-9F43505515C0}"
EndProject
Project("{FAE04EC0-301F-11D3-BF4B-00C04F79EFBC}") = "AbetOrder.Web", "AbetOrder.Web\AbetOrder.Web.csproj", "{5E3CFF9E-95F2-4988-A624-FF0D88857238}"
EndProject
Project("{FAE04EC0-301F-11D3-BF4B-00C04F79EFBC}") = "AbetOrder.WebConfig", "AbetOrder.WebConfig\AbetOrder.WebConfig.csproj", "{7A792368-272D-4F9A-A6CB-FEB7C379ECE6}"
EndProject
Global
	GlobalSection(SolutionConfigurationPlatforms) = preSolution
		Debug|Any CPU = Debug|Any CPU
		Release|Any CPU = Release|Any CPU
	EndGlobalSection
	GlobalSection(ProjectConfigurationPlatforms) = postSolution
		{26E9B38F-5CFE-4E81-B09C-E9679FDD5EF2}.Debug|Any CPU.ActiveCfg = Debug|Any CPU
		{26E9B38F-5CFE-4E81-B09C-E9679FDD5EF2}.Debug|Any CPU.Build.0 = Debug|Any CPU
		{26E9B38F-5CFE-4E81-B09C-E9679FDD5EF2}.Release|Any CPU.ActiveCfg = Release|Any CPU
		{26E9B38F-5CFE-4E81-B09C-E9679FDD5EF2}.Release|Any CPU.Build.0 = Release|Any CPU
		{A1E203B2-377B-4DC7-90CC-72C1A5ACF081}.Debug|Any CPU.ActiveCfg = Debug|Any CPU
		{A1E203B2-377B-4DC7-90CC-72C1A5ACF081}.Debug|Any CPU.Build.0 = Debug|Any CPU
		{A1E203B2-377B-4DC7-90CC-72C1A5ACF081}.Release|Any CPU.ActiveCfg = Release|Any CPU
		{A1E203B2-377B-4DC7-90CC-72C1A5ACF081}.Release|Any CPU.Build.0 = Release|Any CPU
		{95C85E2E-40F4-401C-B577-F4E681090BAD}.Debug|Any CPU.ActiveCfg = Debug|Any CPU
		{95C85E2E-40F4-401C-B577-F4E681090BAD}.Debug|Any CPU.Build.0 = Debug|Any CPU
		{95C85E2E-40F4-401C-B577-F4E681090BAD}.Release|Any CPU.ActiveCfg = Release|Any CPU
		{95C85E2E-40F4-401C-B577-F4E681090BAD}.Release|Any CPU.Build.0 = Release|Any CPU
		{EA6D7D97-2A3E-48AF-AA65-A6DCA3F5B672}.Debug|Any CPU.ActiveCfg = Debug|Any CPU
		{EA6D7D97-2A3E-48AF-AA65-A6DCA3F5B672}.Debug|Any CPU.Build.0 = Debug|Any CPU
		{EA6D7D97-2A3E-48AF-AA65-A6DCA3F5B672}.Release|Any CPU.ActiveCfg = Release|Any CPU
		{EA6D7D97-2A3E-48AF-AA65-A6DCA3F5B672}.Release|Any CPU.Build.0 = Release|Any CPU
		{820376C1-AEAC-4040-B0BF-F7C11D273DD3}.Debug|Any CPU.ActiveCfg = Debug|Any CPU
		{820376C1-AEAC-4040-B0BF-F7C11D273DD3}.Debug|Any CPU.Build.0 = Debug|Any CPU
		{820376C1-AEAC-4040-B0BF-F7C11D273DD3}.Release|Any CPU.ActiveCfg = Release|Any CPU
		{820376C1-AEAC-4040-B0BF-F7C11D273DD3}.Release|Any CPU.Build.0 = Release|Any CPU
		{BFBC43DD-2968-492F-818E-9F43505515C0}.Debug|Any CPU.ActiveCfg = Debug|Any CPU
		{BFBC43DD-2968-492F-818E-9F43505515C0}.Debug|Any CPU.Build.0 = Debug|Any CPU
		{BFBC43DD-2968-492F-818E-9F43505515C0}.Release|Any CPU.ActiveCfg = Release|Any CPU
		{BFBC43DD-2968-492F-818E-9F43505515C0}.Release|Any CPU.Build.0 = Release|Any CPU
		{5E3CFF9E-95F2-4988-A624-FF0D88857238}.Debug|Any CPU.ActiveCfg = Debug|Any CPU
		{5E3CFF9E-95F2-4988-A624-FF0D88857238}.Debug|Any CPU.Build.0 = Debug|Any CPU
		{5E3CFF9E-95F2-4988-A624-FF0D88857238}.Release|Any CPU.ActiveCfg = Release|Any CPU
		{5E3CFF9E-95F2-4988-A624-FF0D88857238}.Release|Any CPU.Build.0 = Release|Any CPU
		{7A792368-272D-4F9A-A6CB-FEB7C379ECE6}.Debug|Any CPU.ActiveCfg = Debug|Any CPU
		{7A792368-272D-4F9A-A6CB-FEB7C379ECE6}.Debug|Any CPU.Build.0 = Debug|Any CPU
		{7A792368-272D-4F9A-A6CB-FEB7C379ECE6}.Release|Any CPU.ActiveCfg = Release|Any CPU
		{7A792368-272D-4F9A-A6CB-FEB7C379ECE6}.Release|Any CPU.Build.0 = Release|Any CPU
	EndGlobalSection
	GlobalSection(SolutionProperties) = preSolution
		HideSolutionNode = FALSE
	EndGlobalSection
EndGlobal
