
Microsoft Visual Studio Solution File, Format Version 12.00
# Visual Studio 2012
Project("{FAE04EC0-301F-11D3-BF4B-00C04F79EFBC}") = "OpenDataFramework.Component", "OpenDataFramework.Component\OpenDataFramework.Component.csproj", "{03608D6E-7876-4F0B-9DC2-42B7CFE25101}"
EndProject
Project("{FAE04EC0-301F-11D3-BF4B-00C04F79EFBC}") = "OpenDataFramework.Entity", "OpenDataFramework.Entity\OpenDataFramework.Entity.csproj", "{288382E2-CC97-4C71-BFE0-F4C2933AE9E6}"
EndProject
Project("{FAE04EC0-301F-11D3-BF4B-00C04F79EFBC}") = "OpenDataFramework.WebApi", "OpenDataFramework.WebApi\OpenDataFramework.WebApi.csproj", "{5E3CFF9E-95F2-4988-A624-FF0D88857238}"
EndProject
Project("{FAE04EC0-301F-11D3-BF4B-00C04F79EFBC}") = "EntityDataService.Data", "EntityDataService.Data\EntityDataService.Data.csproj", "{14141218-66B2-44F5-BE31-7973A6A832F7}"
EndProject
Project("{FAE04EC0-301F-11D3-BF4B-00C04F79EFBC}") = "EntityDataService.Entity", "EntityDataService.Entity\EntityDataService.Entity.csproj", "{CA536947-062A-430D-9C6C-019D5A855138}"
EndProject
Project("{FAE04EC0-301F-11D3-BF4B-00C04F79EFBC}") = "EntityDataService.Utility", "EntityDataService.Utility\EntityDataService.Utility.csproj", "{264C7F68-466F-45BA-93F3-0ED64C28A88F}"
EndProject
Project("{FAE04EC0-301F-11D3-BF4B-00C04F79EFBC}") = "EntityDataService.Service", "EntityDataService.Service\EntityDataService.Service.csproj", "{A545445A-E6DF-4668-8932-C88DDC26E3A0}"
EndProject
Global
	GlobalSection(SolutionConfigurationPlatforms) = preSolution
		Debug|Any CPU = Debug|Any CPU
		Release|Any CPU = Release|Any CPU
	EndGlobalSection
	GlobalSection(ProjectConfigurationPlatforms) = postSolution
		{03608D6E-7876-4F0B-9DC2-42B7CFE25101}.Debug|Any CPU.ActiveCfg = Debug|Any CPU
		{03608D6E-7876-4F0B-9DC2-42B7CFE25101}.Debug|Any CPU.Build.0 = Debug|Any CPU
		{03608D6E-7876-4F0B-9DC2-42B7CFE25101}.Release|Any CPU.ActiveCfg = Release|Any CPU
		{03608D6E-7876-4F0B-9DC2-42B7CFE25101}.Release|Any CPU.Build.0 = Release|Any CPU
		{288382E2-CC97-4C71-BFE0-F4C2933AE9E6}.Debug|Any CPU.ActiveCfg = Debug|Any CPU
		{288382E2-CC97-4C71-BFE0-F4C2933AE9E6}.Debug|Any CPU.Build.0 = Debug|Any CPU
		{288382E2-CC97-4C71-BFE0-F4C2933AE9E6}.Release|Any CPU.ActiveCfg = Release|Any CPU
		{288382E2-CC97-4C71-BFE0-F4C2933AE9E6}.Release|Any CPU.Build.0 = Release|Any CPU
		{5E3CFF9E-95F2-4988-A624-FF0D88857238}.Debug|Any CPU.ActiveCfg = Debug|Any CPU
		{5E3CFF9E-95F2-4988-A624-FF0D88857238}.Debug|Any CPU.Build.0 = Debug|Any CPU
		{5E3CFF9E-95F2-4988-A624-FF0D88857238}.Release|Any CPU.ActiveCfg = Release|Any CPU
		{5E3CFF9E-95F2-4988-A624-FF0D88857238}.Release|Any CPU.Build.0 = Release|Any CPU
		{14141218-66B2-44F5-BE31-7973A6A832F7}.Debug|Any CPU.ActiveCfg = Debug|Any CPU
		{14141218-66B2-44F5-BE31-7973A6A832F7}.Debug|Any CPU.Build.0 = Debug|Any CPU
		{14141218-66B2-44F5-BE31-7973A6A832F7}.Release|Any CPU.ActiveCfg = Release|Any CPU
		{14141218-66B2-44F5-BE31-7973A6A832F7}.Release|Any CPU.Build.0 = Release|Any CPU
		{CA536947-062A-430D-9C6C-019D5A855138}.Debug|Any CPU.ActiveCfg = Debug|Any CPU
		{CA536947-062A-430D-9C6C-019D5A855138}.Debug|Any CPU.Build.0 = Debug|Any CPU
		{CA536947-062A-430D-9C6C-019D5A855138}.Release|Any CPU.ActiveCfg = Release|Any CPU
		{CA536947-062A-430D-9C6C-019D5A855138}.Release|Any CPU.Build.0 = Release|Any CPU
		{264C7F68-466F-45BA-93F3-0ED64C28A88F}.Debug|Any CPU.ActiveCfg = Debug|Any CPU
		{264C7F68-466F-45BA-93F3-0ED64C28A88F}.Debug|Any CPU.Build.0 = Debug|Any CPU
		{264C7F68-466F-45BA-93F3-0ED64C28A88F}.Release|Any CPU.ActiveCfg = Release|Any CPU
		{264C7F68-466F-45BA-93F3-0ED64C28A88F}.Release|Any CPU.Build.0 = Release|Any CPU
		{A545445A-E6DF-4668-8932-C88DDC26E3A0}.Debug|Any CPU.ActiveCfg = Debug|Any CPU
		{A545445A-E6DF-4668-8932-C88DDC26E3A0}.Debug|Any CPU.Build.0 = Debug|Any CPU
		{A545445A-E6DF-4668-8932-C88DDC26E3A0}.Release|Any CPU.ActiveCfg = Release|Any CPU
		{A545445A-E6DF-4668-8932-C88DDC26E3A0}.Release|Any CPU.Build.0 = Release|Any CPU
	EndGlobalSection
	GlobalSection(SolutionProperties) = preSolution
		HideSolutionNode = FALSE
	EndGlobalSection
EndGlobal
